
Microsoft Visual Studio Solution File, Format Version 12.00
# Visual Studio 15
VisualStudioVersion = 15.0.28307.1000
MinimumVisualStudioVersion = 10.0.40219.1
Project("{FAE04EC0-301F-11D3-BF4B-00C04F79EFBC}") = "WebBrowser.UI", "WebBrowser.UI\WebBrowser.UI.csproj", "{71F1B45E-32E0-46EB-BDCD-CC716990FE5F}"
EndProject
Project("{FAE04EC0-301F-11D3-BF4B-00C04F79EFBC}") = "WebBrowser.Data", "WebBrowser.Data\WebBrowser.Data.csproj", "{55E93971-E339-4E4B-ABE2-AAE89F7EBE00}"
EndProject
Project("{FAE04EC0-301F-11D3-BF4B-00C04F79EFBC}") = "WebBrowser.Logic", "WebBrowser.Logic\WebBrowser.Logic.csproj", "{B5D47D32-17CF-4C36-B40E-3B3F34689549}"
EndProject
Global
	GlobalSection(SolutionConfigurationPlatforms) = preSolution
		Debug|Any CPU = Debug|Any CPU
		Release|Any CPU = Release|Any CPU
	EndGlobalSection
	GlobalSection(ProjectConfigurationPlatforms) = postSolution
		{71F1B45E-32E0-46EB-BDCD-CC716990FE5F}.Debug|Any CPU.ActiveCfg = Debug|Any CPU
		{71F1B45E-32E0-46EB-BDCD-CC716990FE5F}.Debug|Any CPU.Build.0 = Debug|Any CPU
		{71F1B45E-32E0-46EB-BDCD-CC716990FE5F}.Release|Any CPU.ActiveCfg = Release|Any CPU
		{71F1B45E-32E0-46EB-BDCD-CC716990FE5F}.Release|Any CPU.Build.0 = Release|Any CPU
		{55E93971-E339-4E4B-ABE2-AAE89F7EBE00}.Debug|Any CPU.ActiveCfg = Debug|Any CPU
		{55E93971-E339-4E4B-ABE2-AAE89F7EBE00}.Debug|Any CPU.Build.0 = Debug|Any CPU
		{55E93971-E339-4E4B-ABE2-AAE89F7EBE00}.Release|Any CPU.ActiveCfg = Release|Any CPU
		{55E93971-E339-4E4B-ABE2-AAE89F7EBE00}.Release|Any CPU.Build.0 = Release|Any CPU
		{B5D47D32-17CF-4C36-B40E-3B3F34689549}.Debug|Any CPU.ActiveCfg = Debug|Any CPU
		{B5D47D32-17CF-4C36-B40E-3B3F34689549}.Debug|Any CPU.Build.0 = Debug|Any CPU
		{B5D47D32-17CF-4C36-B40E-3B3F34689549}.Release|Any CPU.ActiveCfg = Release|Any CPU
		{B5D47D32-17CF-4C36-B40E-3B3F34689549}.Release|Any CPU.Build.0 = Release|Any CPU
	EndGlobalSection
	GlobalSection(SolutionProperties) = preSolution
		HideSolutionNode = FALSE
	EndGlobalSection
	GlobalSection(ExtensibilityGlobals) = postSolution
		SolutionGuid = {A49F3055-6DF1-401D-B5A9-456A81B48AB2}
	EndGlobalSection
EndGlobal
